
Microsoft Visual Studio Solution File, Format Version 12.00
# Visual Studio Version 16
VisualStudioVersion = 16.0.30320.27
MinimumVisualStudioVersion = 10.0.40219.1
Project("{FAE04EC0-301F-11D3-BF4B-00C04F79EFBC}") = "OrderManagementSystem", "OrderManagementSystem.csproj", "{3095D734-DC80-42BE-AD3B-1F7884DBC194}"
EndProject
Project("{FAE04EC0-301F-11D3-BF4B-00C04F79EFBC}") = "OrderManagementSystem.Tests", "..\OrderManagementSystem.Tests\OrderManagementSystem.Tests.csproj", "{899F3581-08C7-46B9-B0B7-42F66813605F}"
EndProject
Global
	GlobalSection(SolutionConfigurationPlatforms) = preSolution
		Debug|Any CPU = Debug|Any CPU
		Release|Any CPU = Release|Any CPU
	EndGlobalSection
	GlobalSection(ProjectConfigurationPlatforms) = postSolution
		{3095D734-DC80-42BE-AD3B-1F7884DBC194}.Debug|Any CPU.ActiveCfg = Debug|Any CPU
		{3095D734-DC80-42BE-AD3B-1F7884DBC194}.Debug|Any CPU.Build.0 = Debug|Any CPU
		{3095D734-DC80-42BE-AD3B-1F7884DBC194}.Release|Any CPU.ActiveCfg = Release|Any CPU
		{3095D734-DC80-42BE-AD3B-1F7884DBC194}.Release|Any CPU.Build.0 = Release|Any CPU
		{899F3581-08C7-46B9-B0B7-42F66813605F}.Debug|Any CPU.ActiveCfg = Debug|Any CPU
		{899F3581-08C7-46B9-B0B7-42F66813605F}.Debug|Any CPU.Build.0 = Debug|Any CPU
		{899F3581-08C7-46B9-B0B7-42F66813605F}.Release|Any CPU.ActiveCfg = Release|Any CPU
		{899F3581-08C7-46B9-B0B7-42F66813605F}.Release|Any CPU.Build.0 = Release|Any CPU
	EndGlobalSection
	GlobalSection(SolutionProperties) = preSolution
		HideSolutionNode = FALSE
	EndGlobalSection
	GlobalSection(ExtensibilityGlobals) = postSolution
		SolutionGuid = {B8DF5FB7-2580-4C23-8039-CD36C9D6A153}
	EndGlobalSection
EndGlobal
